
Microsoft Visual Studio Solution File, Format Version 12.00
# Visual Studio Version 17
VisualStudioVersion = 17.2.32526.322
MinimumVisualStudioVersion = 10.0.40219.1
Project("{8BC9CEB8-8B4A-11D0-8D11-00A0C91BC942}") = "asyncfuncPractice", "asyncfuncPractice\asyncfuncPractice.vcxproj", "{E460CFCF-B6BF-4698-AD22-0B7016AEB4E0}"
EndProject
Global
	GlobalSection(SolutionConfigurationPlatforms) = preSolution
		Debug|x64 = Debug|x64
		Debug|x86 = Debug|x86
		Release|x64 = Release|x64
		Release|x86 = Release|x86
	EndGlobalSection
	GlobalSection(ProjectConfigurationPlatforms) = postSolution
		{E460CFCF-B6BF-4698-AD22-0B7016AEB4E0}.Debug|x64.ActiveCfg = Debug|x64
		{E460CFCF-B6BF-4698-AD22-0B7016AEB4E0}.Debug|x64.Build.0 = Debug|x64
		{E460CFCF-B6BF-4698-AD22-0B7016AEB4E0}.Debug|x86.ActiveCfg = Debug|Win32
		{E460CFCF-B6BF-4698-AD22-0B7016AEB4E0}.Debug|x86.Build.0 = Debug|Win32
		{E460CFCF-B6BF-4698-AD22-0B7016AEB4E0}.Release|x64.ActiveCfg = Release|x64
		{E460CFCF-B6BF-4698-AD22-0B7016AEB4E0}.Release|x64.Build.0 = Release|x64
		{E460CFCF-B6BF-4698-AD22-0B7016AEB4E0}.Release|x86.ActiveCfg = Release|Win32
		{E460CFCF-B6BF-4698-AD22-0B7016AEB4E0}.Release|x86.Build.0 = Release|Win32
	EndGlobalSection
	GlobalSection(SolutionProperties) = preSolution
		HideSolutionNode = FALSE
	EndGlobalSection
	GlobalSection(ExtensibilityGlobals) = postSolution
		SolutionGuid = {58394585-3DC2-448E-832E-3971F707EF82}
	EndGlobalSection
EndGlobal
